
Microsoft Visual Studio Solution File, Format Version 12.00
# Visual Studio 15
VisualStudioVersion = 15.0.26730.16
MinimumVisualStudioVersion = 10.0.40219.1
Project("{FAE04EC0-301F-11D3-BF4B-00C04F79EFBC}") = "TDH", "TDH\TDH.csproj", "{2561D8C2-8F91-4256-AFE7-B4F154229C4B}"
EndProject
Project("{FAE04EC0-301F-11D3-BF4B-00C04F79EFBC}") = "TDH.Services", "TDH.Services\TDH.Services.csproj", "{47C49BF9-E45D-4B25-AEE8-E52B8B4A8E54}"
EndProject
Project("{FAE04EC0-301F-11D3-BF4B-00C04F79EFBC}") = "TDH.DataAccess", "TDH.DataAccess\TDH.DataAccess.csproj", "{E8809BAD-267D-41C9-89F5-1D2A4A37D530}"
EndProject
Project("{FAE04EC0-301F-11D3-BF4B-00C04F79EFBC}") = "TDH.Common", "TDH.Common\TDH.Common.csproj", "{81636123-6BC1-4C99-BAD6-7C4C2C567505}"
EndProject
Project("{FAE04EC0-301F-11D3-BF4B-00C04F79EFBC}") = "TDH.Model", "TDH.Model\TDH.Model.csproj", "{D4C844FF-99F5-4F7E-954D-B88E5F90F576}"
EndProject
Global
	GlobalSection(SolutionConfigurationPlatforms) = preSolution
		Debug|Any CPU = Debug|Any CPU
		Release|Any CPU = Release|Any CPU
	EndGlobalSection
	GlobalSection(ProjectConfigurationPlatforms) = postSolution
		{2561D8C2-8F91-4256-AFE7-B4F154229C4B}.Debug|Any CPU.ActiveCfg = Debug|Any CPU
		{2561D8C2-8F91-4256-AFE7-B4F154229C4B}.Debug|Any CPU.Build.0 = Debug|Any CPU
		{2561D8C2-8F91-4256-AFE7-B4F154229C4B}.Release|Any CPU.ActiveCfg = Release|Any CPU
		{2561D8C2-8F91-4256-AFE7-B4F154229C4B}.Release|Any CPU.Build.0 = Release|Any CPU
	EndGlobalSection
	GlobalSection(SolutionProperties) = preSolution
		HideSolutionNode = FALSE
	EndGlobalSection
	GlobalSection(ExtensibilityGlobals) = postSolution
		SolutionGuid = {E2C65D7B-A5AE-4FD7-A71F-97B41F6F2EA3}
	EndGlobalSection
EndGlobal
